{
  "name": "tslint-config-swimlane",
  "version": "3.0.4",
  "lockfileVersion": 1,
  "requires": true,
  "dependencies": {
    "ret": {
      "version": "0.1.15",
      "resolved": "https://registry.npmjs.org/ret/-/ret-0.1.15.tgz",
      "integrity": "sha512-TTlYpa+OL+vMMNG24xSlQGEJ3B/RzEfUlLct7b5G/ytav+wPrplCpVMFuwzXbkecJrb6IYo1iFb0S9v37754mg=="
    },
    "safe-regex": {
      "version": "1.1.0",
      "resolved": "http://registry.npmjs.org/safe-regex/-/safe-regex-1.1.0.tgz",
      "integrity": "sha1-QKNmnzsHfR6UPURinhV91IAjvy4=",
      "requires": {
        "ret": "~0.1.10"
      }
    },
    "tslint-config-security": {
      "version": "1.13.0",
      "resolved": "https://registry.npmjs.org/tslint-config-security/-/tslint-config-security-1.13.0.tgz",
      "integrity": "sha512-PHsuycE4lSQrAE0SnrI+ONad+9DRaCZ8vnjFsV7FnEsgdnoF7/+TRhLS2a3nL4+HRQJ/jTQ2jZCR9I1w1Ltcig==",
      "requires": {
        "safe-regex": "^1.1.0"
      }
    }
  }
}
